
Microsoft Visual Studio Solution File, Format Version 12.00
# Visual Studio Version 16
VisualStudioVersion = 16.0.29519.87
MinimumVisualStudioVersion = 10.0.40219.1
Project("{FAE04EC0-301F-11D3-BF4B-00C04F79EFBC}") = "3", "3\3.csproj", "{46E06610-DE77-4AF4-9FA2-13E12669AE31}"
EndProject
Global
	GlobalSection(SolutionConfigurationPlatforms) = preSolution
		Debug|Any CPU = Debug|Any CPU
		Release|Any CPU = Release|Any CPU
	EndGlobalSection
	GlobalSection(ProjectConfigurationPlatforms) = postSolution
		{46E06610-DE77-4AF4-9FA2-13E12669AE31}.Debug|Any CPU.ActiveCfg = Debug|Any CPU
		{46E06610-DE77-4AF4-9FA2-13E12669AE31}.Debug|Any CPU.Build.0 = Debug|Any CPU
		{46E06610-DE77-4AF4-9FA2-13E12669AE31}.Release|Any CPU.ActiveCfg = Release|Any CPU
		{46E06610-DE77-4AF4-9FA2-13E12669AE31}.Release|Any CPU.Build.0 = Release|Any CPU
	EndGlobalSection
	GlobalSection(SolutionProperties) = preSolution
		HideSolutionNode = FALSE
	EndGlobalSection
	GlobalSection(ExtensibilityGlobals) = postSolution
		SolutionGuid = {7B313F64-4BAB-42C6-8015-8B549BE9E881}
	EndGlobalSection
EndGlobal
